// !$*UTF8*$!
{
	archiveVersion = 1;
	classes = {
	};
	objectVersion = 46;
	objects = {

/* Begin PBXBuildFile section */
		B45BA1FE9B442FB9128B84FC /* Pods_ProjectSelfieDiary.framework in Frameworks */ = {isa = PBXBuildFile; fileRef = C4EFC385C544BAA318BFD7CD /* Pods_ProjectSelfieDiary.framework */; };
		EDD648491DE9EB8000D1F418 /* AppDelegate.swift in Sources */ = {isa = PBXBuildFile; fileRef = EDD648481DE9EB8000D1F418 /* AppDelegate.swift */; };
		EDD6484B1DE9EB8000D1F418 /* ViewController.swift in Sources */ = {isa = PBXBuildFile; fileRef = EDD6484A1DE9EB8000D1F418 /* ViewController.swift */; };
		EDD6484E1DE9EB8000D1F418 /* Main.storyboard in Resources */ = {isa = PBXBuildFile; fileRef = EDD6484C1DE9EB8000D1F418 /* Main.storyboard */; };
		EDD648501DE9EB8000D1F418 /* Assets.xcassets in Resources */ = {isa = PBXBuildFile; fileRef = EDD6484F1DE9EB8000D1F418 /* Assets.xcassets */; };
		EDD648531DE9EB8000D1F418 /* LaunchScreen.storyboard in Resources */ = {isa = PBXBuildFile; fileRef = EDD648511DE9EB8000D1F418 /* LaunchScreen.storyboard */; };
		EDD6485E1DE9EE1900D1F418 /* PreviewView.swift in Sources */ = {isa = PBXBuildFile; fileRef = EDD6485C1DE9EE1900D1F418 /* PreviewView.swift */; };
		EDD6485F1DE9EE1900D1F418 /* PhotoCaptureDelegate.swift in Sources */ = {isa = PBXBuildFile; fileRef = EDD6485D1DE9EE1900D1F418 /* PhotoCaptureDelegate.swift */; };
/* End PBXBuildFile section */

/* Begin PBXFileReference section */
		2FE8F1A5C5BB2B2CEF1D4A16 /* Pods-ProjectSelfieDiary.debug.xcconfig */ = {isa = PBXFileReference; includeInIndex = 1; lastKnownFileType = text.xcconfig; name = "Pods-ProjectSelfieDiary.debug.xcconfig"; path = "Pods/Target Support Files/Pods-ProjectSelfieDiary/Pods-ProjectSelfieDiary.debug.xcconfig"; sourceTree = "<group>"; };
		C4EFC385C544BAA318BFD7CD /* Pods_ProjectSelfieDiary.framework */ = {isa = PBXFileReference; explicitFileType = wrapper.framework; includeInIndex = 0; path = Pods_ProjectSelfieDiary.framework; sourceTree = BUILT_PRODUCTS_DIR; };
		C8EE67AB5348BC862DD06227 /* Pods-ProjectSelfieDiary.release.xcconfig */ = {isa = PBXFileReference; includeInIndex = 1; lastKnownFileType = text.xcconfig; name = "Pods-ProjectSelfieDiary.release.xcconfig"; path = "Pods/Target Support Files/Pods-ProjectSelfieDiary/Pods-ProjectSelfieDiary.release.xcconfig"; sourceTree = "<group>"; };
		EDD648451DE9EB8000D1F418 /* ProjectSelfieDiary.app */ = {isa = PBXFileReference; explicitFileType = wrapper.application; includeInIndex = 0; path = ProjectSelfieDiary.app; sourceTree = BUILT_PRODUCTS_DIR; };
		EDD648481DE9EB8000D1F418 /* AppDelegate.swift */ = {isa = PBXFileReference; lastKnownFileType = sourcecode.swift; path = AppDelegate.swift; sourceTree = "<group>"; };
		EDD6484A1DE9EB8000D1F418 /* ViewController.swift */ = {isa = PBXFileReference; lastKnownFileType = sourcecode.swift; path = ViewController.swift; sourceTree = "<group>"; };
		EDD6484D1DE9EB8000D1F418 /* Base */ = {isa = PBXFileReference; lastKnownFileType = file.storyboard; name = Base; path = Base.lproj/Main.storyboard; sourceTree = "<group>"; };
		EDD6484F1DE9EB8000D1F418 /* Assets.xcassets */ = {isa = PBXFileReference; lastKnownFileType = folder.assetcatalog; path = Assets.xcassets; sourceTree = "<group>"; };
		EDD648521DE9EB8000D1F418 /* Base */ = {isa = PBXFileReference; lastKnownFileType = file.storyboard; name = Base; path = Base.lproj/LaunchScreen.storyboard; sourceTree = "<group>"; };
		EDD648541DE9EB8000D1F418 /* Info.plist */ = {isa = PBXFileReference; lastKnownFileType = text.plist.xml; path = Info.plist; sourceTree = "<group>"; };
		EDD6485C1DE9EE1900D1F418 /* PreviewView.swift */ = {isa = PBXFileReference; fileEncoding = 4; lastKnownFileType = sourcecode.swift; path = PreviewView.swift; sourceTree = "<group>"; };
		EDD6485D1DE9EE1900D1F418 /* PhotoCaptureDelegate.swift */ = {isa = PBXFileReference; fileEncoding = 4; lastKnownFileType = sourcecode.swift; path = PhotoCaptureDelegate.swift; sourceTree = "<group>"; };
/* End PBXFileReference section */

/* Begin PBXFrameworksBuildPhase section */
		EDD648421DE9EB8000D1F418 /* Frameworks */ = {
			isa = PBXFrameworksBuildPhase;
			buildActionMask = 2147483647;
			files = (
				B45BA1FE9B442FB9128B84FC /* Pods_ProjectSelfieDiary.framework in Frameworks */,
			);
			runOnlyForDeploymentPostprocessing = 0;
		};
/* End PBXFrameworksBuildPhase section */

/* Begin PBXGroup section */
		086806DAEC8BDE0B4BA646BE /* Pods */ = {
			isa = PBXGroup;
			children = (
				2FE8F1A5C5BB2B2CEF1D4A16 /* Pods-ProjectSelfieDiary.debug.xcconfig */,
				C8EE67AB5348BC862DD06227 /* Pods-ProjectSelfieDiary.release.xcconfig */,
			);
			name = Pods;
			sourceTree = "<group>";
		};
		5E5B47C05D7569BE8036D73B /* Frameworks */ = {
			isa = PBXGroup;
			children = (
				C4EFC385C544BAA318BFD7CD /* Pods_ProjectSelfieDiary.framework */,
			);
			name = Frameworks;
			sourceTree = "<group>";
		};
		EDD6483C1DE9EB8000D1F418 = {
			isa = PBXGroup;
			children = (
				EDD648471DE9EB8000D1F418 /* ProjectSelfieDiary */,
				EDD648461DE9EB8000D1F418 /* Products */,
				086806DAEC8BDE0B4BA646BE /* Pods */,
				5E5B47C05D7569BE8036D73B /* Frameworks */,
			);
			sourceTree = "<group>";
		};
		EDD648461DE9EB8000D1F418 /* Products */ = {
			isa = PBXGroup;
			children = (
				EDD648451DE9EB8000D1F418 /* ProjectSelfieDiary.app */,
			);
			name = Products;
			sourceTree = "<group>";
		};
		EDD648471DE9EB8000D1F418 /* ProjectSelfieDiary */ = {
			isa = PBXGroup;
			children = (
				EDD648481DE9EB8000D1F418 /* AppDelegate.swift */,
				EDD6484A1DE9EB8000D1F418 /* ViewController.swift */,
				EDD6485C1DE9EE1900D1F418 /* PreviewView.swift */,
				EDD6485D1DE9EE1900D1F418 /* PhotoCaptureDelegate.swift */,
				EDD6484C1DE9EB8000D1F418 /* Main.storyboard */,
				EDD648511DE9EB8000D1F418 /* LaunchScreen.storyboard */,
				EDD6484F1DE9EB8000D1F418 /* Assets.xcassets */,
				EDD648541DE9EB8000D1F418 /* Info.plist */,
			);
			path = ProjectSelfieDiary;
			sourceTree = "<group>";
		};
/* End PBXGroup section */

/* Begin PBXNativeTarget section */
		EDD648441DE9EB8000D1F418 /* ProjectSelfieDiary */ = {
			isa = PBXNativeTarget;
			buildConfigurationList = EDD648571DE9EB8000D1F418 /* Build configuration list for PBXNativeTarget "ProjectSelfieDiary" */;
			buildPhases = (
				42DB60B1FE3C39D05EBF6F4F /* [CP] Check Pods Manifest.lock */,
				EDD648411DE9EB8000D1F418 /* Sources */,
				EDD648421DE9EB8000D1F418 /* Frameworks */,
				EDD648431DE9EB8000D1F418 /* Resources */,
				2F5503A40EC6981B55C07713 /* [CP] Embed Pods Frameworks */,
				E43C5794CAB8432304463078 /* [CP] Copy Pods Resources */,
			);
			buildRules = (
			);
			dependencies = (
			);
			name = ProjectSelfieDiary;
			productName = ProjectSelfieDiary;
			productReference = EDD648451DE9EB8000D1F418 /* ProjectSelfieDiary.app */;
			productType = "com.apple.product-type.application";
		};
/* End PBXNativeTarget section */

/* Begin PBXProject section */
		EDD6483D1DE9EB8000D1F418 /* Project object */ = {
			isa = PBXProject;
			attributes = {
				LastSwiftUpdateCheck = 0810;
				LastUpgradeCheck = 0810;
				ORGANIZATIONNAME = "Abbin Varghese";
				TargetAttributes = {
					EDD648441DE9EB8000D1F418 = {
						CreatedOnToolsVersion = 8.1;
						DevelopmentTeam = EDXP6Y48QS;
						ProvisioningStyle = Automatic;
					};
				};
			};
			buildConfigurationList = EDD648401DE9EB8000D1F418 /* Build configuration list for PBXProject "ProjectSelfieDiary" */;
			compatibilityVersion = "Xcode 3.2";
			developmentRegion = English;
			hasScannedForEncodings = 0;
			knownRegions = (
				en,
				Base,
			);
			mainGroup = EDD6483C1DE9EB8000D1F418;
			productRefGroup = EDD648461DE9EB8000D1F418 /* Products */;
			projectDirPath = "";
			projectRoot = "";
			targets = (
				EDD648441DE9EB8000D1F418 /* ProjectSelfieDiary */,
			);
		};
/* End PBXProject section */

/* Begin PBXResourcesBuildPhase section */
		EDD648431DE9EB8000D1F418 /* Resources */ = {
			isa = PBXResourcesBuildPhase;
			buildActionMask = 2147483647;
			files = (
				EDD648531DE9EB8000D1F418 /* LaunchScreen.storyboard in Resources */,
				EDD648501DE9EB8000D1F418 /* Assets.xcassets in Resources */,
				EDD6484E1DE9EB8000D1F418 /* Main.storyboard in Resources */,
			);
			runOnlyForDeploymentPostprocessing = 0;
		};
/* End PBXResourcesBuildPhase section */

/* Begin PBXShellScriptBuildPhase section */
		2F5503A40EC6981B55C07713 /* [CP] Embed Pods Frameworks */ = {
			isa = PBXShellScriptBuildPhase;
			buildActionMask = 2147483647;
			files = (
			);
			inputPaths = (
			);
			name = "[CP] Embed Pods Frameworks";
			outputPaths = (
			);
			runOnlyForDeploymentPostprocessing = 0;
			shellPath = /bin/sh;
			shellScript = "\"${SRCROOT}/Pods/Target Support Files/Pods-ProjectSelfieDiary/Pods-ProjectSelfieDiary-frameworks.sh\"\n";
			showEnvVarsInLog = 0;
		};
		42DB60B1FE3C39D05EBF6F4F /* [CP] Check Pods Manifest.lock */ = {
			isa = PBXShellScriptBuildPhase;
			buildActionMask = 2147483647;
			files = (
			);
			inputPaths = (
			);
			name = "[CP] Check Pods Manifest.lock";
			outputPaths = (
			);
			runOnlyForDeploymentPostprocessing = 0;
			shellPath = /bin/sh;
			shellScript = "diff \"${PODS_ROOT}/../Podfile.lock\" \"${PODS_ROOT}/Manifest.lock\" > /dev/null\nif [ $? != 0 ] ; then\n    # print error to STDERR\n    echo \"error: The sandbox is not in sync with the Podfile.lock. Run 'pod install' or update your CocoaPods installation.\" >&2\n    exit 1\nfi\n";
			showEnvVarsInLog = 0;
		};
		E43C5794CAB8432304463078 /* [CP] Copy Pods Resources */ = {
			isa = PBXShellScriptBuildPhase;
			buildActionMask = 2147483647;
			files = (
			);
			inputPaths = (
			);
			name = "[CP] Copy Pods Resources";
			outputPaths = (
			);
			runOnlyForDeploymentPostprocessing = 0;
			shellPath = /bin/sh;
			shellScript = "\"${SRCROOT}/Pods/Target Support Files/Pods-ProjectSelfieDiary/Pods-ProjectSelfieDiary-resources.sh\"\n";
			showEnvVarsInLog = 0;
		};
/* End PBXShellScriptBuildPhase section */

/* Begin PBXSourcesBuildPhase section */
		EDD648411DE9EB8000D1F418 /* Sources */ = {
			isa = PBXSourcesBuildPhase;
			buildActionMask = 2147483647;
			files = (
				EDD6484B1DE9EB8000D1F418 /* ViewController.swift in Sources */,
				EDD648491DE9EB8000D1F418 /* AppDelegate.swift in Sources */,
				EDD6485F1DE9EE1900D1F418 /* PhotoCaptureDelegate.swift in Sources */,
				EDD6485E1DE9EE1900D1F418 /* PreviewView.swift in Sources */,
			);
			runOnlyForDeploymentPostprocessing = 0;
		};
/* End PBXSourcesBuildPhase section */

/* Begin PBXVariantGroup section */
		EDD6484C1DE9EB8000D1F418 /* Main.storyboard */ = {
			isa = PBXVariantGroup;
			children = (
				EDD6484D1DE9EB8000D1F418 /* Base */,
			);
			name = Main.storyboard;
			sourceTree = "<group>";
		};
		EDD648511DE9EB8000D1F418 /* LaunchScreen.storyboard */ = {
			isa = PBXVariantGroup;
			children = (
				EDD648521DE9EB8000D1F418 /* Base */,
			);
			name = LaunchScreen.storyboard;
			sourceTree = "<group>";
		};
/* End PBXVariantGroup section */

/* Begin XCBuildConfiguration section */
		EDD648551DE9EB8000D1F418 /* Debug */ = {
			isa = XCBuildConfiguration;
			buildSettings = {
				ALWAYS_SEARCH_USER_PATHS = NO;
				CLANG_ANALYZER_NONNULL = YES;
				CLANG_CXX_LANGUAGE_STANDARD = "gnu++0x";
				CLANG_CXX_LIBRARY = "libc++";
				CLANG_ENABLE_MODULES = YES;
				CLANG_ENABLE_OBJC_ARC = YES;
				CLANG_WARN_BOOL_CONVERSION = YES;
				CLANG_WARN_CONSTANT_CONVERSION = YES;
				CLANG_WARN_DIRECT_OBJC_ISA_USAGE = YES_ERROR;
				CLANG_WARN_DOCUMENTATION_COMMENTS = YES;
				CLANG_WARN_EMPTY_BODY = YES;
				CLANG_WARN_ENUM_CONVERSION = YES;
				CLANG_WARN_INFINITE_RECURSION = YES;
				CLANG_WARN_INT_CONVERSION = YES;
				CLANG_WARN_OBJC_ROOT_CLASS = YES_ERROR;
				CLANG_WARN_SUSPICIOUS_MOVE = YES;
				CLANG_WARN_SUSPICIOUS_MOVES = YES;
				CLANG_WARN_UNREACHABLE_CODE = YES;
				CLANG_WARN__DUPLICATE_METHOD_MATCH = YES;
				"CODE_SIGN_IDENTITY[sdk=iphoneos*]" = "iPhone Developer";
				COPY_PHASE_STRIP = NO;
				DEBUG_INFORMATION_FORMAT = dwarf;
				ENABLE_STRICT_OBJC_MSGSEND = YES;
				ENABLE_TESTABILITY = YES;
				GCC_C_LANGUAGE_STANDARD = gnu99;
				GCC_DYNAMIC_NO_PIC = NO;
				GCC_NO_COMMON_BLOCKS = YES;
				GCC_OPTIMIZATION_LEVEL = 0;
				GCC_PREPROCESSOR_DEFINITIONS = (
					"DEBUG=1",
					"$(inherited)",
				);
				GCC_WARN_64_TO_32_BIT_CONVERSION = YES;
				GCC_WARN_ABOUT_RETURN_TYPE = YES_ERROR;
				GCC_WARN_UNDECLARED_SELECTOR = YES;
				GCC_WARN_UNINITIALIZED_AUTOS = YES_AGGRESSIVE;
				GCC_WARN_UNUSED_FUNCTION = YES;
				GCC_WARN_UNUSED_VARIABLE = YES;
				IPHONEOS_DEPLOYMENT_TARGET = 10.0;
				MTL_ENABLE_DEBUG_INFO = YES;
				ONLY_ACTIVE_ARCH = YES;
				SDKROOT = iphoneos;
				SWIFT_ACTIVE_COMPILATION_CONDITIONS = DEBUG;
				SWIFT_OPTIMIZATION_LEVEL = "-Onone";
				TARGETED_DEVICE_FAMILY = "1,2";
			};
			name = Debug;
		};
		EDD648561DE9EB8000D1F418 /* Release */ = {
			isa = XCBuildConfiguration;
			buildSettings = {
				ALWAYS_SEARCH_USER_PATHS = NO;
				CLANG_ANALYZER_NONNULL = YES;
				CLANG_CXX_LANGUAGE_STANDARD = "gnu++0x";
				CLANG_CXX_LIBRARY = "libc++";
				CLANG_ENABLE_MODULES = YES;
				CLANG_ENABLE_OBJC_ARC = YES;
				CLANG_WARN_BOOL_CONVERSION = YES;
				CLANG_WARN_CONSTANT_CONVERSION = YES;
				CLANG_WARN_DIRECT_OBJC_ISA_USAGE = YES_ERROR;
				CLANG_WARN_DOCUMENTATION_COMMENTS = YES;
				CLANG_WARN_EMPTY_BODY = YES;
				CLANG_WARN_ENUM_CONVERSION = YES;
				CLANG_WARN_INFINITE_RECURSION = YES;
				CLANG_WARN_INT_CONVERSION = YES;
				CLANG_WARN_OBJC_ROOT_CLASS = YES_ERROR;
				CLANG_WARN_SUSPICIOUS_MOVE = YES;
				CLANG_WARN_SUSPICIOUS_MOVES = YES;
				CLANG_WARN_UNREACHABLE_CODE = YES;
				CLANG_WARN__DUPLICATE_METHOD_MATCH = YES;
				"CODE_SIGN_IDENTITY[sdk=iphoneos*]" = "iPhone Developer";
				COPY_PHASE_STRIP = NO;
				DEBUG_INFORMATION_FORMAT = "dwarf-with-dsym";
				ENABLE_NS_ASSERTIONS = NO;
				ENABLE_STRICT_OBJC_MSGSEND = YES;
				GCC_C_LANGUAGE_STANDARD = gnu99;
				GCC_NO_COMMON_BLOCKS = YES;
				GCC_WARN_64_TO_32_BIT_CONVERSION = YES;
				GCC_WARN_ABOUT_RETURN_TYPE = YES_ERROR;
				GCC_WARN_UNDECLARED_SELECTOR = YES;
				GCC_WARN_UNINITIALIZED_AUTOS = YES_AGGRESSIVE;
				GCC_WARN_UNUSED_FUNCTION = YES;
				GCC_WARN_UNUSED_VARIABLE = YES;
				IPHONEOS_DEPLOYMENT_TARGET = 10.0;
				MTL_ENABLE_DEBUG_INFO = NO;
				SDKROOT = iphoneos;
				SWIFT_OPTIMIZATION_LEVEL = "-Owholemodule";
				TARGETED_DEVICE_FAMILY = "1,2";
				VALIDATE_PRODUCT = YES;
			};
			name = Release;
		};
		EDD648581DE9EB8000D1F418 /* Debug */ = {
			isa = XCBuildConfiguration;
			baseConfigurationReference = 2FE8F1A5C5BB2B2CEF1D4A16 /* Pods-ProjectSelfieDiary.debug.xcconfig */;
			buildSettings = {
				ASSETCATALOG_COMPILER_APPICON_NAME = AppIcon;
				DEVELOPMENT_TEAM = EDXP6Y48QS;
				INFOPLIST_FILE = ProjectSelfieDiary/Info.plist;
				IPHONEOS_DEPLOYMENT_TARGET = 10.0;
				LD_RUNPATH_SEARCH_PATHS = "$(inherited) @executable_path/Frameworks";
				PRODUCT_BUNDLE_IDENTIFIER = com.abbinvarghese.ProjectSelfieDiary;
				PRODUCT_NAME = "$(TARGET_NAME)";
				SWIFT_VERSION = 3.0;
			};
			name = Debug;
		};
		EDD648591DE9EB8000D1F418 /* Release */ = {
			isa = XCBuildConfiguration;
			baseConfigurationReference = C8EE67AB5348BC862DD06227 /* Pods-ProjectSelfieDiary.release.xcconfig */;
			buildSettings = {
				ASSETCATALOG_COMPILER_APPICON_NAME = AppIcon;
				DEVELOPMENT_TEAM = EDXP6Y48QS;
				INFOPLIST_FILE = ProjectSelfieDiary/Info.plist;
				IPHONEOS_DEPLOYMENT_TARGET = 10.0;
				LD_RUNPATH_SEARCH_PATHS = "$(inherited) @executable_path/Frameworks";
				PRODUCT_BUNDLE_IDENTIFIER = com.abbinvarghese.ProjectSelfieDiary;
				PRODUCT_NAME = "$(TARGET_NAME)";
				SWIFT_VERSION = 3.0;
			};
			name = Release;
		};
/* End XCBuildConfiguration section */

/* Begin XCConfigurationList section */
		EDD648401DE9EB8000D1F418 /* Build configuration list for PBXProject "ProjectSelfieDiary" */ = {
			isa = XCConfigurationList;
			buildConfigurations = (
				EDD648551DE9EB8000D1F418 /* Debug */,
				EDD648561DE9EB8000D1F418 /* Release */,
			);
			defaultConfigurationIsVisible = 0;
			defaultConfigurationName = Release;
		};
		EDD648571DE9EB8000D1F418 /* Build configuration list for PBXNativeTarget "ProjectSelfieDiary" */ = {
			isa = XCConfigurationList;
			buildConfigurations = (
				EDD648581DE9EB8000D1F418 /* Debug */,
				EDD648591DE9EB8000D1F418 /* Release */,
			);
			defaultConfigurationIsVisible = 0;
			defaultConfigurationName = Release;
		};
/* End XCConfigurationList section */
	};
	rootObject = EDD6483D1DE9EB8000D1F418 /* Project object */;
}
